
Microsoft Visual Studio Solution File, Format Version 12.00
# Visual Studio 15
VisualStudioVersion = 15.0.27703.2035
MinimumVisualStudioVersion = 10.0.40219.1
Project("{FAE04EC0-301F-11D3-BF4B-00C04F79EFBC}") = "SkiSlopeSimulator", "SkiSlopeSimulator.csproj", "{9B287EC7-D53B-490D-BB42-36BC185E75C9}"
EndProject
Global
	GlobalSection(SolutionConfigurationPlatforms) = preSolution
		Debug|Any CPU = Debug|Any CPU
		Release|Any CPU = Release|Any CPU
	EndGlobalSection
	GlobalSection(ProjectConfigurationPlatforms) = postSolution
		{9B287EC7-D53B-490D-BB42-36BC185E75C9}.Debug|Any CPU.ActiveCfg = Debug|Any CPU
		{9B287EC7-D53B-490D-BB42-36BC185E75C9}.Debug|Any CPU.Build.0 = Debug|Any CPU
		{9B287EC7-D53B-490D-BB42-36BC185E75C9}.Release|Any CPU.ActiveCfg = Release|Any CPU
		{9B287EC7-D53B-490D-BB42-36BC185E75C9}.Release|Any CPU.Build.0 = Release|Any CPU
	EndGlobalSection
	GlobalSection(SolutionProperties) = preSolution
		HideSolutionNode = FALSE
	EndGlobalSection
	GlobalSection(ExtensibilityGlobals) = postSolution
		SolutionGuid = {2BD36C44-E874-4E1F-A657-99C438BC8BB1}
	EndGlobalSection
EndGlobal
